
Microsoft Visual Studio Solution File, Format Version 12.00
# Visual Studio 15
VisualStudioVersion = 15.0.27703.1
MinimumVisualStudioVersion = 10.0.40219.1
Project("{FAE04EC0-301F-11D3-BF4B-00C04F79EFBC}") = "WebApplicationCore", "WebApplicationCore\WebApplicationCore.csproj", "{1891EA0D-579D-4196-B9ED-976D00E29A01}"
EndProject
Project("{E53339B2-1760-4266-BCC7-CA923CBCF16C}") = "docker-compose", "docker-compose.dcproj", "{77AE006F-D4A3-4E78-9429-7F60E28A2E06}"
EndProject
Global
	GlobalSection(SolutionConfigurationPlatforms) = preSolution
		Debug|Any CPU = Debug|Any CPU
		Release|Any CPU = Release|Any CPU
	EndGlobalSection
	GlobalSection(ProjectConfigurationPlatforms) = postSolution
		{1891EA0D-579D-4196-B9ED-976D00E29A01}.Debug|Any CPU.ActiveCfg = Debug|Any CPU
		{1891EA0D-579D-4196-B9ED-976D00E29A01}.Debug|Any CPU.Build.0 = Debug|Any CPU
		{1891EA0D-579D-4196-B9ED-976D00E29A01}.Release|Any CPU.ActiveCfg = Release|Any CPU
		{1891EA0D-579D-4196-B9ED-976D00E29A01}.Release|Any CPU.Build.0 = Release|Any CPU
		{77AE006F-D4A3-4E78-9429-7F60E28A2E06}.Debug|Any CPU.ActiveCfg = Debug|Any CPU
		{77AE006F-D4A3-4E78-9429-7F60E28A2E06}.Debug|Any CPU.Build.0 = Debug|Any CPU
		{77AE006F-D4A3-4E78-9429-7F60E28A2E06}.Release|Any CPU.ActiveCfg = Release|Any CPU
		{77AE006F-D4A3-4E78-9429-7F60E28A2E06}.Release|Any CPU.Build.0 = Release|Any CPU
	EndGlobalSection
	GlobalSection(SolutionProperties) = preSolution
		HideSolutionNode = FALSE
	EndGlobalSection
	GlobalSection(ExtensibilityGlobals) = postSolution
		SolutionGuid = {F946F8F4-B020-42BF-A5E0-BF9D272B0691}
	EndGlobalSection
EndGlobal
